// !$*UTF8*$!
{
	archiveVersion = 1;
	classes = {
	};
	objectVersion = 50;
	objects = {

/* Begin PBXBuildFile section */
		9166B8F225FB7B3200A87FA5 /* RetouchAuth.framework in Frameworks */ = {isa = PBXBuildFile; fileRef = 9166B8E825FB7B3100A87FA5 /* RetouchAuth.framework */; };
		9166B8F725FB7B3200A87FA5 /* RetouchAuthTests.swift in Sources */ = {isa = PBXBuildFile; fileRef = 9166B8F625FB7B3200A87FA5 /* RetouchAuthTests.swift */; };
		9166B8F925FB7B3200A87FA5 /* RetouchAuth.h in Headers */ = {isa = PBXBuildFile; fileRef = 9166B8EB25FB7B3100A87FA5 /* RetouchAuth.h */; settings = {ATTRIBUTES = (Public, ); }; };
		9166B90B25FB7B7500A87FA5 /* RetouchCommon.framework in Frameworks */ = {isa = PBXBuildFile; fileRef = 9166B90A25FB7B7500A87FA5 /* RetouchCommon.framework */; };
		91B843F0260111C000FB407E /* AUIKitSigninWithAppleView.swift in Sources */ = {isa = PBXBuildFile; fileRef = 91B843EF260111C000FB407E /* AUIKitSigninWithAppleView.swift */; };
		91B843F4260111CA00FB407E /* SigninWithAppleViewModel.swift in Sources */ = {isa = PBXBuildFile; fileRef = 91B843F3260111CA00FB407E /* SigninWithAppleViewModel.swift */; };
		F247BC5A7320068D84F0CBD0 /* Pods_RetouchMain_RetouchAuth.framework in Frameworks */ = {isa = PBXBuildFile; fileRef = 67B625337BAE59E43DA187B6 /* Pods_RetouchMain_RetouchAuth.framework */; };
		F4094EFE2A6962430022EDAE /* AttributedTextView.swift in Sources */ = {isa = PBXBuildFile; fileRef = F4094EFD2A6962430022EDAE /* AttributedTextView.swift */; };
		F4094F002A6962F80022EDAE /* AttributedTextViewModel.swift in Sources */ = {isa = PBXBuildFile; fileRef = F4094EFF2A6962F80022EDAE /* AttributedTextViewModel.swift */; };
		F4094F042A6964940022EDAE /* UseAgreementsView.swift in Sources */ = {isa = PBXBuildFile; fileRef = F4094F032A6964940022EDAE /* UseAgreementsView.swift */; };
		F40AB6F82A65407B00730883 /* AWhiteBGBackButton.swift in Sources */ = {isa = PBXBuildFile; fileRef = F40AB6E02A65407B00730883 /* AWhiteBGBackButton.swift */; };
		F40AB6F92A65407B00730883 /* ABackButton.swift in Sources */ = {isa = PBXBuildFile; fileRef = F40AB6E12A65407B00730883 /* ABackButton.swift */; };
		F40AB6FA2A65407B00730883 /* AMainButton.swift in Sources */ = {isa = PBXBuildFile; fileRef = F40AB6E22A65407B00730883 /* AMainButton.swift */; };
		F40AB6FB2A65407B00730883 /* ATextFieldViewModel.swift in Sources */ = {isa = PBXBuildFile; fileRef = F40AB6E42A65407B00730883 /* ATextFieldViewModel.swift */; };
		F40AB6FC2A65407B00730883 /* ASUTextField.swift in Sources */ = {isa = PBXBuildFile; fileRef = F40AB6E62A65407B00730883 /* ASUTextField.swift */; };
		F40AB6FD2A65407B00730883 /* ASUDateTextField.swift in Sources */ = {isa = PBXBuildFile; fileRef = F40AB6E72A65407B00730883 /* ASUDateTextField.swift */; };
		F40AB6FE2A65407B00730883 /* ASUPasswordTextField.swift in Sources */ = {isa = PBXBuildFile; fileRef = F40AB6E82A65407B00730883 /* ASUPasswordTextField.swift */; };
		F40AB6FF2A65407B00730883 /* AMessageTextInputView.xib in Resources */ = {isa = PBXBuildFile; fileRef = F40AB6EA2A65407B00730883 /* AMessageTextInputView.xib */; };
		F40AB7002A65407B00730883 /* AMessageTextInputView.swift in Sources */ = {isa = PBXBuildFile; fileRef = F40AB6EB2A65407B00730883 /* AMessageTextInputView.swift */; };
		F40AB7012A65407B00730883 /* EmailValidator.swift in Sources */ = {isa = PBXBuildFile; fileRef = F40AB6ED2A65407B00730883 /* EmailValidator.swift */; };
		F40AB7022A65407B00730883 /* PhoneNumberValidator.swift in Sources */ = {isa = PBXBuildFile; fileRef = F40AB6EE2A65407B00730883 /* PhoneNumberValidator.swift */; };
		F40AB7032A65407B00730883 /* Validator.swift in Sources */ = {isa = PBXBuildFile; fileRef = F40AB6EF2A65407B00730883 /* Validator.swift */; };
		F40AB7042A65407B00730883 /* TextValidator.swift in Sources */ = {isa = PBXBuildFile; fileRef = F40AB6F02A65407B00730883 /* TextValidator.swift */; };
		F40AB7052A65407B00730883 /* DateOfBirthValidator.swift in Sources */ = {isa = PBXBuildFile; fileRef = F40AB6F12A65407B00730883 /* DateOfBirthValidator.swift */; };
		F40AB7062A65407B00730883 /* PasswordValidator.swift in Sources */ = {isa = PBXBuildFile; fileRef = F40AB6F22A65407B00730883 /* PasswordValidator.swift */; };
		F40AB7072A65407B00730883 /* PassportNumberValidator.swift in Sources */ = {isa = PBXBuildFile; fileRef = F40AB6F32A65407B00730883 /* PassportNumberValidator.swift */; };
		F40AB7082A65407B00730883 /* CodeValidator.swift in Sources */ = {isa = PBXBuildFile; fileRef = F40AB6F42A65407B00730883 /* CodeValidator.swift */; };
		F40AB7092A65407B00730883 /* ATextField.swift in Sources */ = {isa = PBXBuildFile; fileRef = F40AB6F52A65407B00730883 /* ATextField.swift */; };
		F40AB70A2A65407B00730883 /* AuthHeaderSwiftView.swift in Sources */ = {isa = PBXBuildFile; fileRef = F40AB6F72A65407B00730883 /* AuthHeaderSwiftView.swift */; };
		F40AB70C2A6540C900730883 /* APasswordTextField.swift in Sources */ = {isa = PBXBuildFile; fileRef = F40AB70B2A6540C900730883 /* APasswordTextField.swift */; };
		F40AB7112A65414C00730883 /* ABaseCustomView.swift in Sources */ = {isa = PBXBuildFile; fileRef = F40AB70E2A65414C00730883 /* ABaseCustomView.swift */; };
		F40AB7122A65414C00730883 /* ABaseSelectableView.swift in Sources */ = {isa = PBXBuildFile; fileRef = F40AB70F2A65414C00730883 /* ABaseSelectableView.swift */; };
		F40AB7132A65414C00730883 /* ABaseTapableView.swift in Sources */ = {isa = PBXBuildFile; fileRef = F40AB7102A65414C00730883 /* ABaseTapableView.swift */; };
		F40AB7162A65419E00730883 /* ACheckBoxView.swift in Sources */ = {isa = PBXBuildFile; fileRef = F40AB7152A65419E00730883 /* ACheckBoxView.swift */; };
		F40AB75E2A65593800730883 /* DateHelper.swift in Sources */ = {isa = PBXBuildFile; fileRef = F40AB75D2A65593800730883 /* DateHelper.swift */; };
		F40AB7692A65666800730883 /* ASigninWithAppleView.swift in Sources */ = {isa = PBXBuildFile; fileRef = F40AB7682A65666800730883 /* ASigninWithAppleView.swift */; };
		F40AB76C2A668B4100730883 /* AttributedUITextView.swift in Sources */ = {isa = PBXBuildFile; fileRef = F40AB76B2A668B4100730883 /* AttributedUITextView.swift */; };
		F42ADF8D2A6B10C100E7B694 /* AClearButton.swift in Sources */ = {isa = PBXBuildFile; fileRef = F42ADF8C2A6B10C100E7B694 /* AClearButton.swift */; };
		F42ADF8F2A6B149A00E7B694 /* AMainSmallButton.swift in Sources */ = {isa = PBXBuildFile; fileRef = F42ADF8E2A6B149A00E7B694 /* AMainSmallButton.swift */; };
		F43B742D2A6A70E200E05184 /* ASecondaryButton.swift in Sources */ = {isa = PBXBuildFile; fileRef = F43B742C2A6A70E200E05184 /* ASecondaryButton.swift */; };
		F43B743F2A6AB0EA00E05184 /* ARegisterationView.swift in Sources */ = {isa = PBXBuildFile; fileRef = F43B743E2A6AB0EA00E05184 /* ARegisterationView.swift */; };
		F43B74412A6AB0F400E05184 /* ARegisterationViewModel.swift in Sources */ = {isa = PBXBuildFile; fileRef = F43B74402A6AB0F400E05184 /* ARegisterationViewModel.swift */; };
		F43B74442A6AB60600E05184 /* AForgotPasswordView.swift in Sources */ = {isa = PBXBuildFile; fileRef = F43B74432A6AB60600E05184 /* AForgotPasswordView.swift */; };
		F43B74462A6AB60E00E05184 /* AForgotPasswordViewModel.swift in Sources */ = {isa = PBXBuildFile; fileRef = F43B74452A6AB60E00E05184 /* AForgotPasswordViewModel.swift */; };
		F43B74492A6ABA9600E05184 /* AResetPasswordView.swift in Sources */ = {isa = PBXBuildFile; fileRef = F43B74482A6ABA9600E05184 /* AResetPasswordView.swift */; };
		F43B744B2A6ABA9E00E05184 /* AResetPasswordViewModel.swift in Sources */ = {isa = PBXBuildFile; fileRef = F43B744A2A6ABA9E00E05184 /* AResetPasswordViewModel.swift */; };
		F43B744E2A6ABEA300E05184 /* AFastSignInView.swift in Sources */ = {isa = PBXBuildFile; fileRef = F43B744D2A6ABEA300E05184 /* AFastSignInView.swift */; };
		F43B74502A6ABEAB00E05184 /* AFastSignInViewModel.swift in Sources */ = {isa = PBXBuildFile; fileRef = F43B744F2A6ABEAB00E05184 /* AFastSignInViewModel.swift */; };
		F43B74762A6ACF5E00E05184 /* AMainGrayButton.swift in Sources */ = {isa = PBXBuildFile; fileRef = F43B74752A6ACF5E00E05184 /* AMainGrayButton.swift */; };
		F43B74792A6AD46C00E05184 /* AStartingTutorialView.swift in Sources */ = {isa = PBXBuildFile; fileRef = F43B74782A6AD46C00E05184 /* AStartingTutorialView.swift */; };
		F43B747B2A6AD47500E05184 /* AStartingTutorialViewModel.swift in Sources */ = {isa = PBXBuildFile; fileRef = F43B747A2A6AD47500E05184 /* AStartingTutorialViewModel.swift */; };
		F4F14CC62A61C1E5005FCEE3 /* ALoginView.swift in Sources */ = {isa = PBXBuildFile; fileRef = F4F14CC52A61C1E5005FCEE3 /* ALoginView.swift */; };
		F4F14CC82A61C1F4005FCEE3 /* ALoginViewModel.swift in Sources */ = {isa = PBXBuildFile; fileRef = F4F14CC72A61C1F4005FCEE3 /* ALoginViewModel.swift */; };
/* End PBXBuildFile section */

/* Begin PBXContainerItemProxy section */
		9166B8F325FB7B3200A87FA5 /* PBXContainerItemProxy */ = {
			isa = PBXContainerItemProxy;
			containerPortal = 9166B8DF25FB7B3100A87FA5 /* Project object */;
			proxyType = 1;
			remoteGlobalIDString = 9166B8E725FB7B3100A87FA5;
			remoteInfo = RetouchAuth;
		};
/* End PBXContainerItemProxy section */

/* Begin PBXFileReference section */
		67B625337BAE59E43DA187B6 /* Pods_RetouchMain_RetouchAuth.framework */ = {isa = PBXFileReference; explicitFileType = wrapper.framework; includeInIndex = 0; path = Pods_RetouchMain_RetouchAuth.framework; sourceTree = BUILT_PRODUCTS_DIR; };
		9166B8E825FB7B3100A87FA5 /* RetouchAuth.framework */ = {isa = PBXFileReference; explicitFileType = wrapper.framework; includeInIndex = 0; path = RetouchAuth.framework; sourceTree = BUILT_PRODUCTS_DIR; };
		9166B8EB25FB7B3100A87FA5 /* RetouchAuth.h */ = {isa = PBXFileReference; lastKnownFileType = sourcecode.c.h; path = RetouchAuth.h; sourceTree = "<group>"; };
		9166B8EC25FB7B3100A87FA5 /* Info.plist */ = {isa = PBXFileReference; lastKnownFileType = text.plist.xml; path = Info.plist; sourceTree = "<group>"; };
		9166B8F125FB7B3200A87FA5 /* RetouchAuthTests.xctest */ = {isa = PBXFileReference; explicitFileType = wrapper.cfbundle; includeInIndex = 0; path = RetouchAuthTests.xctest; sourceTree = BUILT_PRODUCTS_DIR; };
		9166B8F625FB7B3200A87FA5 /* RetouchAuthTests.swift */ = {isa = PBXFileReference; lastKnownFileType = sourcecode.swift; path = RetouchAuthTests.swift; sourceTree = "<group>"; };
		9166B8F825FB7B3200A87FA5 /* Info.plist */ = {isa = PBXFileReference; lastKnownFileType = text.plist.xml; path = Info.plist; sourceTree = "<group>"; };
		9166B90A25FB7B7500A87FA5 /* RetouchCommon.framework */ = {isa = PBXFileReference; explicitFileType = wrapper.framework; path = RetouchCommon.framework; sourceTree = BUILT_PRODUCTS_DIR; };
		91B843EF260111C000FB407E /* AUIKitSigninWithAppleView.swift */ = {isa = PBXFileReference; lastKnownFileType = sourcecode.swift; path = AUIKitSigninWithAppleView.swift; sourceTree = "<group>"; };
		91B843F3260111CA00FB407E /* SigninWithAppleViewModel.swift */ = {isa = PBXFileReference; lastKnownFileType = sourcecode.swift; path = SigninWithAppleViewModel.swift; sourceTree = "<group>"; };
		94D41BB1DD86703A4FCE81B2 /* Pods-RetouchMain-RetouchAuth.debug.xcconfig */ = {isa = PBXFileReference; includeInIndex = 1; lastKnownFileType = text.xcconfig; name = "Pods-RetouchMain-RetouchAuth.debug.xcconfig"; path = "Target Support Files/Pods-RetouchMain-RetouchAuth/Pods-RetouchMain-RetouchAuth.debug.xcconfig"; sourceTree = "<group>"; };
		A07368C27EC2BF31E30C0A84 /* Pods-RetouchMain-RetouchAuth.release.xcconfig */ = {isa = PBXFileReference; includeInIndex = 1; lastKnownFileType = text.xcconfig; name = "Pods-RetouchMain-RetouchAuth.release.xcconfig"; path = "Target Support Files/Pods-RetouchMain-RetouchAuth/Pods-RetouchMain-RetouchAuth.release.xcconfig"; sourceTree = "<group>"; };
		F4094EFD2A6962430022EDAE /* AttributedTextView.swift */ = {isa = PBXFileReference; lastKnownFileType = sourcecode.swift; path = AttributedTextView.swift; sourceTree = "<group>"; };
		F4094EFF2A6962F80022EDAE /* AttributedTextViewModel.swift */ = {isa = PBXFileReference; lastKnownFileType = sourcecode.swift; path = AttributedTextViewModel.swift; sourceTree = "<group>"; };
		F4094F032A6964940022EDAE /* UseAgreementsView.swift */ = {isa = PBXFileReference; lastKnownFileType = sourcecode.swift; name = UseAgreementsView.swift; path = ../../../../../../../../Documents/UseAgreementsView.swift; sourceTree = "<group>"; };
		F40AB6E02A65407B00730883 /* AWhiteBGBackButton.swift */ = {isa = PBXFileReference; fileEncoding = 4; lastKnownFileType = sourcecode.swift; path = AWhiteBGBackButton.swift; sourceTree = "<group>"; };
		F40AB6E12A65407B00730883 /* ABackButton.swift */ = {isa = PBXFileReference; fileEncoding = 4; lastKnownFileType = sourcecode.swift; path = ABackButton.swift; sourceTree = "<group>"; };
		F40AB6E22A65407B00730883 /* AMainButton.swift */ = {isa = PBXFileReference; fileEncoding = 4; lastKnownFileType = sourcecode.swift; path = AMainButton.swift; sourceTree = "<group>"; };
		F40AB6E42A65407B00730883 /* ATextFieldViewModel.swift */ = {isa = PBXFileReference; fileEncoding = 4; lastKnownFileType = sourcecode.swift; path = ATextFieldViewModel.swift; sourceTree = "<group>"; };
		F40AB6E62A65407B00730883 /* ASUTextField.swift */ = {isa = PBXFileReference; fileEncoding = 4; lastKnownFileType = sourcecode.swift; path = ASUTextField.swift; sourceTree = "<group>"; };
		F40AB6E72A65407B00730883 /* ASUDateTextField.swift */ = {isa = PBXFileReference; fileEncoding = 4; lastKnownFileType = sourcecode.swift; path = ASUDateTextField.swift; sourceTree = "<group>"; };
		F40AB6E82A65407B00730883 /* ASUPasswordTextField.swift */ = {isa = PBXFileReference; fileEncoding = 4; lastKnownFileType = sourcecode.swift; path = ASUPasswordTextField.swift; sourceTree = "<group>"; };
		F40AB6EA2A65407B00730883 /* AMessageTextInputView.xib */ = {isa = PBXFileReference; fileEncoding = 4; lastKnownFileType = file.xib; path = AMessageTextInputView.xib; sourceTree = "<group>"; };
		F40AB6EB2A65407B00730883 /* AMessageTextInputView.swift */ = {isa = PBXFileReference; fileEncoding = 4; lastKnownFileType = sourcecode.swift; path = AMessageTextInputView.swift; sourceTree = "<group>"; };
		F40AB6ED2A65407B00730883 /* EmailValidator.swift */ = {isa = PBXFileReference; fileEncoding = 4; lastKnownFileType = sourcecode.swift; path = EmailValidator.swift; sourceTree = "<group>"; };
		F40AB6EE2A65407B00730883 /* PhoneNumberValidator.swift */ = {isa = PBXFileReference; fileEncoding = 4; lastKnownFileType = sourcecode.swift; path = PhoneNumberValidator.swift; sourceTree = "<group>"; };
		F40AB6EF2A65407B00730883 /* Validator.swift */ = {isa = PBXFileReference; fileEncoding = 4; lastKnownFileType = sourcecode.swift; path = Validator.swift; sourceTree = "<group>"; };
		F40AB6F02A65407B00730883 /* TextValidator.swift */ = {isa = PBXFileReference; fileEncoding = 4; lastKnownFileType = sourcecode.swift; path = TextValidator.swift; sourceTree = "<group>"; };
		F40AB6F12A65407B00730883 /* DateOfBirthValidator.swift */ = {isa = PBXFileReference; fileEncoding = 4; lastKnownFileType = sourcecode.swift; path = DateOfBirthValidator.swift; sourceTree = "<group>"; };
		F40AB6F22A65407B00730883 /* PasswordValidator.swift */ = {isa = PBXFileReference; fileEncoding = 4; lastKnownFileType = sourcecode.swift; path = PasswordValidator.swift; sourceTree = "<group>"; };
		F40AB6F32A65407B00730883 /* PassportNumberValidator.swift */ = {isa = PBXFileReference; fileEncoding = 4; lastKnownFileType = sourcecode.swift; path = PassportNumberValidator.swift; sourceTree = "<group>"; };
		F40AB6F42A65407B00730883 /* CodeValidator.swift */ = {isa = PBXFileReference; fileEncoding = 4; lastKnownFileType = sourcecode.swift; path = CodeValidator.swift; sourceTree = "<group>"; };
		F40AB6F52A65407B00730883 /* ATextField.swift */ = {isa = PBXFileReference; fileEncoding = 4; lastKnownFileType = sourcecode.swift; path = ATextField.swift; sourceTree = "<group>"; };
		F40AB6F72A65407B00730883 /* AuthHeaderSwiftView.swift */ = {isa = PBXFileReference; fileEncoding = 4; lastKnownFileType = sourcecode.swift; path = AuthHeaderSwiftView.swift; sourceTree = "<group>"; };
		F40AB70B2A6540C900730883 /* APasswordTextField.swift */ = {isa = PBXFileReference; lastKnownFileType = sourcecode.swift; path = APasswordTextField.swift; sourceTree = "<group>"; };
		F40AB70E2A65414C00730883 /* ABaseCustomView.swift */ = {isa = PBXFileReference; fileEncoding = 4; lastKnownFileType = sourcecode.swift; path = ABaseCustomView.swift; sourceTree = "<group>"; };
		F40AB70F2A65414C00730883 /* ABaseSelectableView.swift */ = {isa = PBXFileReference; fileEncoding = 4; lastKnownFileType = sourcecode.swift; path = ABaseSelectableView.swift; sourceTree = "<group>"; };
		F40AB7102A65414C00730883 /* ABaseTapableView.swift */ = {isa = PBXFileReference; fileEncoding = 4; lastKnownFileType = sourcecode.swift; path = ABaseTapableView.swift; sourceTree = "<group>"; };
		F40AB7152A65419E00730883 /* ACheckBoxView.swift */ = {isa = PBXFileReference; fileEncoding = 4; lastKnownFileType = sourcecode.swift; path = ACheckBoxView.swift; sourceTree = "<group>"; };
		F40AB75D2A65593800730883 /* DateHelper.swift */ = {isa = PBXFileReference; fileEncoding = 4; lastKnownFileType = sourcecode.swift; path = DateHelper.swift; sourceTree = "<group>"; };
		F40AB7682A65666800730883 /* ASigninWithAppleView.swift */ = {isa = PBXFileReference; lastKnownFileType = sourcecode.swift; path = ASigninWithAppleView.swift; sourceTree = "<group>"; };
		F40AB76B2A668B4100730883 /* AttributedUITextView.swift */ = {isa = PBXFileReference; lastKnownFileType = sourcecode.swift; path = AttributedUITextView.swift; sourceTree = "<group>"; };
		F42ADF8C2A6B10C100E7B694 /* AClearButton.swift */ = {isa = PBXFileReference; lastKnownFileType = sourcecode.swift; path = AClearButton.swift; sourceTree = "<group>"; };
		F42ADF8E2A6B149A00E7B694 /* AMainSmallButton.swift */ = {isa = PBXFileReference; lastKnownFileType = sourcecode.swift; path = AMainSmallButton.swift; sourceTree = "<group>"; };
		F43B742C2A6A70E200E05184 /* ASecondaryButton.swift */ = {isa = PBXFileReference; lastKnownFileType = sourcecode.swift; path = ASecondaryButton.swift; sourceTree = "<group>"; };
		F43B743E2A6AB0EA00E05184 /* ARegisterationView.swift */ = {isa = PBXFileReference; lastKnownFileType = sourcecode.swift; path = ARegisterationView.swift; sourceTree = "<group>"; };
		F43B74402A6AB0F400E05184 /* ARegisterationViewModel.swift */ = {isa = PBXFileReference; lastKnownFileType = sourcecode.swift; path = ARegisterationViewModel.swift; sourceTree = "<group>"; };
		F43B74432A6AB60600E05184 /* AForgotPasswordView.swift */ = {isa = PBXFileReference; lastKnownFileType = sourcecode.swift; path = AForgotPasswordView.swift; sourceTree = "<group>"; };
		F43B74452A6AB60E00E05184 /* AForgotPasswordViewModel.swift */ = {isa = PBXFileReference; lastKnownFileType = sourcecode.swift; path = AForgotPasswordViewModel.swift; sourceTree = "<group>"; };
		F43B74482A6ABA9600E05184 /* AResetPasswordView.swift */ = {isa = PBXFileReference; lastKnownFileType = sourcecode.swift; path = AResetPasswordView.swift; sourceTree = "<group>"; };
		F43B744A2A6ABA9E00E05184 /* AResetPasswordViewModel.swift */ = {isa = PBXFileReference; lastKnownFileType = sourcecode.swift; path = AResetPasswordViewModel.swift; sourceTree = "<group>"; };
		F43B744D2A6ABEA300E05184 /* AFastSignInView.swift */ = {isa = PBXFileReference; lastKnownFileType = sourcecode.swift; path = AFastSignInView.swift; sourceTree = "<group>"; };
		F43B744F2A6ABEAB00E05184 /* AFastSignInViewModel.swift */ = {isa = PBXFileReference; lastKnownFileType = sourcecode.swift; path = AFastSignInViewModel.swift; sourceTree = "<group>"; };
		F43B74752A6ACF5E00E05184 /* AMainGrayButton.swift */ = {isa = PBXFileReference; lastKnownFileType = sourcecode.swift; path = AMainGrayButton.swift; sourceTree = "<group>"; };
		F43B74782A6AD46C00E05184 /* AStartingTutorialView.swift */ = {isa = PBXFileReference; lastKnownFileType = sourcecode.swift; path = AStartingTutorialView.swift; sourceTree = "<group>"; };
		F43B747A2A6AD47500E05184 /* AStartingTutorialViewModel.swift */ = {isa = PBXFileReference; lastKnownFileType = sourcecode.swift; path = AStartingTutorialViewModel.swift; sourceTree = "<group>"; };
		F4F14CC52A61C1E5005FCEE3 /* ALoginView.swift */ = {isa = PBXFileReference; lastKnownFileType = sourcecode.swift; path = ALoginView.swift; sourceTree = "<group>"; };
		F4F14CC72A61C1F4005FCEE3 /* ALoginViewModel.swift */ = {isa = PBXFileReference; lastKnownFileType = sourcecode.swift; path = ALoginViewModel.swift; sourceTree = "<group>"; };
/* End PBXFileReference section */

/* Begin PBXFrameworksBuildPhase section */
		9166B8E525FB7B3100A87FA5 /* Frameworks */ = {
			isa = PBXFrameworksBuildPhase;
			buildActionMask = 2147483647;
			files = (
				9166B90B25FB7B7500A87FA5 /* RetouchCommon.framework in Frameworks */,
				F247BC5A7320068D84F0CBD0 /* Pods_RetouchMain_RetouchAuth.framework in Frameworks */,
			);
			runOnlyForDeploymentPostprocessing = 0;
		};
		9166B8EE25FB7B3200A87FA5 /* Frameworks */ = {
			isa = PBXFrameworksBuildPhase;
			buildActionMask = 2147483647;
			files = (
				9166B8F225FB7B3200A87FA5 /* RetouchAuth.framework in Frameworks */,
			);
			runOnlyForDeploymentPostprocessing = 0;
		};
/* End PBXFrameworksBuildPhase section */

/* Begin PBXGroup section */
		9166B8DE25FB7B3100A87FA5 = {
			isa = PBXGroup;
			children = (
				9166B8EA25FB7B3100A87FA5 /* RetouchAuth */,
				9166B8F525FB7B3200A87FA5 /* RetouchAuthTests */,
				9166B8E925FB7B3100A87FA5 /* Products */,
				9166B90925FB7B7500A87FA5 /* Frameworks */,
				C4CD0372538149DF886F6965 /* Pods */,
			);
			sourceTree = "<group>";
		};
		9166B8E925FB7B3100A87FA5 /* Products */ = {
			isa = PBXGroup;
			children = (
				9166B8E825FB7B3100A87FA5 /* RetouchAuth.framework */,
				9166B8F125FB7B3200A87FA5 /* RetouchAuthTests.xctest */,
			);
			name = Products;
			sourceTree = "<group>";
		};
		9166B8EA25FB7B3100A87FA5 /* RetouchAuth */ = {
			isa = PBXGroup;
			children = (
				F40AB75B2A65590200730883 /* Helpers */,
				F40AB63C2A65400200730883 /* UI */,
				9166B92A25FB7BFA00A87FA5 /* Features */,
				9166B8EB25FB7B3100A87FA5 /* RetouchAuth.h */,
				9166B8EC25FB7B3100A87FA5 /* Info.plist */,
			);
			path = RetouchAuth;
			sourceTree = "<group>";
		};
		9166B8F525FB7B3200A87FA5 /* RetouchAuthTests */ = {
			isa = PBXGroup;
			children = (
				9166B8F625FB7B3200A87FA5 /* RetouchAuthTests.swift */,
				9166B8F825FB7B3200A87FA5 /* Info.plist */,
			);
			path = RetouchAuthTests;
			sourceTree = "<group>";
		};
		9166B90925FB7B7500A87FA5 /* Frameworks */ = {
			isa = PBXGroup;
			children = (
				9166B90A25FB7B7500A87FA5 /* RetouchCommon.framework */,
				67B625337BAE59E43DA187B6 /* Pods_RetouchMain_RetouchAuth.framework */,
			);
			name = Frameworks;
			sourceTree = "<group>";
		};
		9166B92A25FB7BFA00A87FA5 /* Features */ = {
			isa = PBXGroup;
			children = (
				F4F14CC42A61C1D2005FCEE3 /* ALogin */,
				F43B743D2A6AB0C400E05184 /* ARegistration */,
				F43B74422A6AB5EB00E05184 /* AForgotPassword */,
				F43B74472A6ABA7300E05184 /* AResetPassword */,
				F43B744C2A6ABE9100E05184 /* AFastSignIn */,
				F43B74772A6AD45700E05184 /* AStartingTutorial */,
			);
			path = Features;
			sourceTree = "<group>";
		};
		91B843EE260111AC00FB407E /* SigninWithAppleView */ = {
			isa = PBXGroup;
			children = (
				F40AB7682A65666800730883 /* ASigninWithAppleView.swift */,
				91B843EF260111C000FB407E /* AUIKitSigninWithAppleView.swift */,
				91B843F3260111CA00FB407E /* SigninWithAppleViewModel.swift */,
			);
			path = SigninWithAppleView;
			sourceTree = "<group>";
		};
		C4CD0372538149DF886F6965 /* Pods */ = {
			isa = PBXGroup;
			children = (
				94D41BB1DD86703A4FCE81B2 /* Pods-RetouchMain-RetouchAuth.debug.xcconfig */,
				A07368C27EC2BF31E30C0A84 /* Pods-RetouchMain-RetouchAuth.release.xcconfig */,
			);
			name = Pods;
			path = ../RetouchMain/Pods;
			sourceTree = "<group>";
		};
		D1F9E7462678D9C400ED1C08 /* UseAgreementsView */ = {
			isa = PBXGroup;
			children = (
				F4094F032A6964940022EDAE /* UseAgreementsView.swift */,
			);
			path = UseAgreementsView;
			sourceTree = "<group>";
		};
		F4094F022A6963FE0022EDAE /* Custom */ = {
			isa = PBXGroup;
			children = (
				F40AB6F62A65407B00730883 /* AuthHeaderSwiftView */,
				D1F9E7462678D9C400ED1C08 /* UseAgreementsView */,
				91B843EE260111AC00FB407E /* SigninWithAppleView */,
			);
			path = Custom;
			sourceTree = "<group>";
		};
		F40AB63C2A65400200730883 /* UI */ = {
			isa = PBXGroup;
			children = (
				F40AB6DE2A65407B00730883 /* Common */,
				F4094F022A6963FE0022EDAE /* Custom */,
			);
			path = UI;
			sourceTree = "<group>";
		};
		F40AB6DE2A65407B00730883 /* Common */ = {
			isa = PBXGroup;
			children = (
				F40AB70D2A65414C00730883 /* BaseUIKitView */,
				F40AB76A2A668B0E00730883 /* AttributedText */,
				F40AB6DF2A65407B00730883 /* Buttons */,
				F40AB6E32A65407B00730883 /* TextFields */,
			);
			path = Common;
			sourceTree = "<group>";
		};
		F40AB6DF2A65407B00730883 /* Buttons */ = {
			isa = PBXGroup;
			children = (
				F40AB6E02A65407B00730883 /* AWhiteBGBackButton.swift */,
				F40AB6E12A65407B00730883 /* ABackButton.swift */,
				F40AB6E22A65407B00730883 /* AMainButton.swift */,
				F43B74752A6ACF5E00E05184 /* AMainGrayButton.swift */,
				F43B742C2A6A70E200E05184 /* ASecondaryButton.swift */,
				F42ADF8E2A6B149A00E7B694 /* AMainSmallButton.swift */,
				F42ADF8C2A6B10C100E7B694 /* AClearButton.swift */,
			);
			path = Buttons;
			sourceTree = "<group>";
		};
		F40AB6E32A65407B00730883 /* TextFields */ = {
			isa = PBXGroup;
			children = (
				F40AB7142A65419E00730883 /* CheckBox */,
				F40AB6E52A65407B00730883 /* UIKitTextFields */,
				F40AB6EC2A65407B00730883 /* Validators */,
				F40AB6F52A65407B00730883 /* ATextField.swift */,
				F40AB70B2A6540C900730883 /* APasswordTextField.swift */,
				F40AB6E42A65407B00730883 /* ATextFieldViewModel.swift */,
			);
			path = TextFields;
			sourceTree = "<group>";
		};
		F40AB6E52A65407B00730883 /* UIKitTextFields */ = {
			isa = PBXGroup;
			children = (
				F40AB6E62A65407B00730883 /* ASUTextField.swift */,
				F40AB6E72A65407B00730883 /* ASUDateTextField.swift */,
				F40AB6E82A65407B00730883 /* ASUPasswordTextField.swift */,
				F40AB6E92A65407B00730883 /* MessageTextInputView */,
			);
			path = UIKitTextFields;
			sourceTree = "<group>";
		};
		F40AB6E92A65407B00730883 /* MessageTextInputView */ = {
			isa = PBXGroup;
			children = (
				F40AB6EA2A65407B00730883 /* AMessageTextInputView.xib */,
				F40AB6EB2A65407B00730883 /* AMessageTextInputView.swift */,
			);
			path = MessageTextInputView;
			sourceTree = "<group>";
		};
		F40AB6EC2A65407B00730883 /* Validators */ = {
			isa = PBXGroup;
			children = (
				F40AB6ED2A65407B00730883 /* EmailValidator.swift */,
				F40AB6EE2A65407B00730883 /* PhoneNumberValidator.swift */,
				F40AB6EF2A65407B00730883 /* Validator.swift */,
				F40AB6F02A65407B00730883 /* TextValidator.swift */,
				F40AB6F12A65407B00730883 /* DateOfBirthValidator.swift */,
				F40AB6F22A65407B00730883 /* PasswordValidator.swift */,
				F40AB6F32A65407B00730883 /* PassportNumberValidator.swift */,
				F40AB6F42A65407B00730883 /* CodeValidator.swift */,
			);
			path = Validators;
			sourceTree = "<group>";
		};
		F40AB6F62A65407B00730883 /* AuthHeaderSwiftView */ = {
			isa = PBXGroup;
			children = (
				F40AB6F72A65407B00730883 /* AuthHeaderSwiftView.swift */,
			);
			path = AuthHeaderSwiftView;
			sourceTree = "<group>";
		};
		F40AB70D2A65414C00730883 /* BaseUIKitView */ = {
			isa = PBXGroup;
			children = (
				F40AB70E2A65414C00730883 /* ABaseCustomView.swift */,
				F40AB70F2A65414C00730883 /* ABaseSelectableView.swift */,
				F40AB7102A65414C00730883 /* ABaseTapableView.swift */,
			);
			path = BaseUIKitView;
			sourceTree = "<group>";
		};
		F40AB7142A65419E00730883 /* CheckBox */ = {
			isa = PBXGroup;
			children = (
				F40AB7152A65419E00730883 /* ACheckBoxView.swift */,
			);
			path = CheckBox;
			sourceTree = "<group>";
		};
		F40AB75B2A65590200730883 /* Helpers */ = {
			isa = PBXGroup;
			children = (
				F40AB75C2A65593800730883 /* DateHelper */,
			);
			path = Helpers;
			sourceTree = "<group>";
		};
		F40AB75C2A65593800730883 /* DateHelper */ = {
			isa = PBXGroup;
			children = (
				F40AB75D2A65593800730883 /* DateHelper.swift */,
			);
			path = DateHelper;
			sourceTree = "<group>";
		};
		F40AB76A2A668B0E00730883 /* AttributedText */ = {
			isa = PBXGroup;
			children = (
				F4094EFD2A6962430022EDAE /* AttributedTextView.swift */,
				F40AB76B2A668B4100730883 /* AttributedUITextView.swift */,
				F4094EFF2A6962F80022EDAE /* AttributedTextViewModel.swift */,
			);
			path = AttributedText;
			sourceTree = "<group>";
		};
		F43B743D2A6AB0C400E05184 /* ARegistration */ = {
			isa = PBXGroup;
			children = (
				F43B743E2A6AB0EA00E05184 /* ARegisterationView.swift */,
				F43B74402A6AB0F400E05184 /* ARegisterationViewModel.swift */,
			);
			path = ARegistration;
			sourceTree = "<group>";
		};
		F43B74422A6AB5EB00E05184 /* AForgotPassword */ = {
			isa = PBXGroup;
			children = (
				F43B74432A6AB60600E05184 /* AForgotPasswordView.swift */,
				F43B74452A6AB60E00E05184 /* AForgotPasswordViewModel.swift */,
			);
			path = AForgotPassword;
			sourceTree = "<group>";
		};
		F43B74472A6ABA7300E05184 /* AResetPassword */ = {
			isa = PBXGroup;
			children = (
				F43B74482A6ABA9600E05184 /* AResetPasswordView.swift */,
				F43B744A2A6ABA9E00E05184 /* AResetPasswordViewModel.swift */,
			);
			path = AResetPassword;
			sourceTree = "<group>";
		};
		F43B744C2A6ABE9100E05184 /* AFastSignIn */ = {
			isa = PBXGroup;
			children = (
				F43B744D2A6ABEA300E05184 /* AFastSignInView.swift */,
				F43B744F2A6ABEAB00E05184 /* AFastSignInViewModel.swift */,
			);
			path = AFastSignIn;
			sourceTree = "<group>";
		};
		F43B74772A6AD45700E05184 /* AStartingTutorial */ = {
			isa = PBXGroup;
			children = (
				F43B74782A6AD46C00E05184 /* AStartingTutorialView.swift */,
				F43B747A2A6AD47500E05184 /* AStartingTutorialViewModel.swift */,
			);
			path = AStartingTutorial;
			sourceTree = "<group>";
		};
		F4F14CC42A61C1D2005FCEE3 /* ALogin */ = {
			isa = PBXGroup;
			children = (
				F4F14CC52A61C1E5005FCEE3 /* ALoginView.swift */,
				F4F14CC72A61C1F4005FCEE3 /* ALoginViewModel.swift */,
			);
			path = ALogin;
			sourceTree = "<group>";
		};
/* End PBXGroup section */

/* Begin PBXHeadersBuildPhase section */
		9166B8E325FB7B3100A87FA5 /* Headers */ = {
			isa = PBXHeadersBuildPhase;
			buildActionMask = 2147483647;
			files = (
				9166B8F925FB7B3200A87FA5 /* RetouchAuth.h in Headers */,
			);
			runOnlyForDeploymentPostprocessing = 0;
		};
/* End PBXHeadersBuildPhase section */

/* Begin PBXNativeTarget section */
		9166B8E725FB7B3100A87FA5 /* RetouchAuth */ = {
			isa = PBXNativeTarget;
			buildConfigurationList = 9166B8FC25FB7B3200A87FA5 /* Build configuration list for PBXNativeTarget "RetouchAuth" */;
			buildPhases = (
				10FAA09AEB62DA01FC3D5F3B /* [CP] Check Pods Manifest.lock */,
				9166B8E325FB7B3100A87FA5 /* Headers */,
				9166B8E425FB7B3100A87FA5 /* Sources */,
				9166B8E525FB7B3100A87FA5 /* Frameworks */,
				9166B8E625FB7B3100A87FA5 /* Resources */,
			);
			buildRules = (
			);
			dependencies = (
			);
			name = RetouchAuth;
			productName = RetouchAuth;
			productReference = 9166B8E825FB7B3100A87FA5 /* RetouchAuth.framework */;
			productType = "com.apple.product-type.framework";
		};
		9166B8F025FB7B3200A87FA5 /* RetouchAuthTests */ = {
			isa = PBXNativeTarget;
			buildConfigurationList = 9166B8FF25FB7B3200A87FA5 /* Build configuration list for PBXNativeTarget "RetouchAuthTests" */;
			buildPhases = (
				9166B8ED25FB7B3200A87FA5 /* Sources */,
				9166B8EE25FB7B3200A87FA5 /* Frameworks */,
				9166B8EF25FB7B3200A87FA5 /* Resources */,
			);
			buildRules = (
			);
			dependencies = (
				9166B8F425FB7B3200A87FA5 /* PBXTargetDependency */,
			);
			name = RetouchAuthTests;
			productName = RetouchAuthTests;
			productReference = 9166B8F125FB7B3200A87FA5 /* RetouchAuthTests.xctest */;
			productType = "com.apple.product-type.bundle.unit-test";
		};
/* End PBXNativeTarget section */

/* Begin PBXProject section */
		9166B8DF25FB7B3100A87FA5 /* Project object */ = {
			isa = PBXProject;
			attributes = {
				LastSwiftUpdateCheck = 1240;
				LastUpgradeCheck = 1240;
				TargetAttributes = {
					9166B8E725FB7B3100A87FA5 = {
						CreatedOnToolsVersion = 12.4;
						LastSwiftMigration = 1240;
					};
					9166B8F025FB7B3200A87FA5 = {
						CreatedOnToolsVersion = 12.4;
					};
				};
			};
			buildConfigurationList = 9166B8E225FB7B3100A87FA5 /* Build configuration list for PBXProject "RetouchAuth" */;
			compatibilityVersion = "Xcode 9.3";
			developmentRegion = en;
			hasScannedForEncodings = 0;
			knownRegions = (
				en,
				Base,
			);
			mainGroup = 9166B8DE25FB7B3100A87FA5;
			productRefGroup = 9166B8E925FB7B3100A87FA5 /* Products */;
			projectDirPath = "";
			projectRoot = "";
			targets = (
				9166B8E725FB7B3100A87FA5 /* RetouchAuth */,
				9166B8F025FB7B3200A87FA5 /* RetouchAuthTests */,
			);
		};
/* End PBXProject section */

/* Begin PBXResourcesBuildPhase section */
		9166B8E625FB7B3100A87FA5 /* Resources */ = {
			isa = PBXResourcesBuildPhase;
			buildActionMask = 2147483647;
			files = (
				F40AB6FF2A65407B00730883 /* AMessageTextInputView.xib in Resources */,
			);
			runOnlyForDeploymentPostprocessing = 0;
		};
		9166B8EF25FB7B3200A87FA5 /* Resources */ = {
			isa = PBXResourcesBuildPhase;
			buildActionMask = 2147483647;
			files = (
			);
			runOnlyForDeploymentPostprocessing = 0;
		};
/* End PBXResourcesBuildPhase section */

/* Begin PBXShellScriptBuildPhase section */
		10FAA09AEB62DA01FC3D5F3B /* [CP] Check Pods Manifest.lock */ = {
			isa = PBXShellScriptBuildPhase;
			buildActionMask = 2147483647;
			files = (
			);
			inputFileListPaths = (
			);
			inputPaths = (
				"${PODS_PODFILE_DIR_PATH}/Podfile.lock",
				"${PODS_ROOT}/Manifest.lock",
			);
			name = "[CP] Check Pods Manifest.lock";
			outputFileListPaths = (
			);
			outputPaths = (
				"$(DERIVED_FILE_DIR)/Pods-RetouchMain-RetouchAuth-checkManifestLockResult.txt",
			);
			runOnlyForDeploymentPostprocessing = 0;
			shellPath = /bin/sh;
			shellScript = "diff \"${PODS_PODFILE_DIR_PATH}/Podfile.lock\" \"${PODS_ROOT}/Manifest.lock\" > /dev/null\nif [ $? != 0 ] ; then\n    # print error to STDERR\n    echo \"error: The sandbox is not in sync with the Podfile.lock. Run 'pod install' or update your CocoaPods installation.\" >&2\n    exit 1\nfi\n# This output is used by Xcode 'outputs' to avoid re-running this script phase.\necho \"SUCCESS\" > \"${SCRIPT_OUTPUT_FILE_0}\"\n";
			showEnvVarsInLog = 0;
		};
/* End PBXShellScriptBuildPhase section */

/* Begin PBXSourcesBuildPhase section */
		9166B8E425FB7B3100A87FA5 /* Sources */ = {
			isa = PBXSourcesBuildPhase;
			buildActionMask = 2147483647;
			files = (
				F40AB7012A65407B00730883 /* EmailValidator.swift in Sources */,
				F40AB6F82A65407B00730883 /* AWhiteBGBackButton.swift in Sources */,
				F43B743F2A6AB0EA00E05184 /* ARegisterationView.swift in Sources */,
				F43B742D2A6A70E200E05184 /* ASecondaryButton.swift in Sources */,
				F40AB7072A65407B00730883 /* PassportNumberValidator.swift in Sources */,
				F40AB70C2A6540C900730883 /* APasswordTextField.swift in Sources */,
				F43B74492A6ABA9600E05184 /* AResetPasswordView.swift in Sources */,
				F40AB7162A65419E00730883 /* ACheckBoxView.swift in Sources */,
				F43B74792A6AD46C00E05184 /* AStartingTutorialView.swift in Sources */,
				F40AB6FD2A65407B00730883 /* ASUDateTextField.swift in Sources */,
				F43B74762A6ACF5E00E05184 /* AMainGrayButton.swift in Sources */,
				F40AB7052A65407B00730883 /* DateOfBirthValidator.swift in Sources */,
				F40AB75E2A65593800730883 /* DateHelper.swift in Sources */,
				F40AB6F92A65407B00730883 /* ABackButton.swift in Sources */,
				F40AB6FE2A65407B00730883 /* ASUPasswordTextField.swift in Sources */,
				91B843F0260111C000FB407E /* AUIKitSigninWithAppleView.swift in Sources */,
				F43B74462A6AB60E00E05184 /* AForgotPasswordViewModel.swift in Sources */,
				F4094F002A6962F80022EDAE /* AttributedTextViewModel.swift in Sources */,
				F40AB7082A65407B00730883 /* CodeValidator.swift in Sources */,
				91B843F4260111CA00FB407E /* SigninWithAppleViewModel.swift in Sources */,
				F43B74502A6ABEAB00E05184 /* AFastSignInViewModel.swift in Sources */,
				F40AB7062A65407B00730883 /* PasswordValidator.swift in Sources */,
				F40AB7042A65407B00730883 /* TextValidator.swift in Sources */,
				F43B744B2A6ABA9E00E05184 /* AResetPasswordViewModel.swift in Sources */,
				F42ADF8F2A6B149A00E7B694 /* AMainSmallButton.swift in Sources */,
				F40AB7002A65407B00730883 /* AMessageTextInputView.swift in Sources */,
				F40AB7092A65407B00730883 /* ATextField.swift in Sources */,
				F4094EFE2A6962430022EDAE /* AttributedTextView.swift in Sources */,
				F40AB6FB2A65407B00730883 /* ATextFieldViewModel.swift in Sources */,
				F43B744E2A6ABEA300E05184 /* AFastSignInView.swift in Sources */,
				F40AB7692A65666800730883 /* ASigninWithAppleView.swift in Sources */,
				F40AB70A2A65407B00730883 /* AuthHeaderSwiftView.swift in Sources */,
				F4F14CC62A61C1E5005FCEE3 /* ALoginView.swift in Sources */,
				F40AB7032A65407B00730883 /* Validator.swift in Sources */,
				F42ADF8D2A6B10C100E7B694 /* AClearButton.swift in Sources */,
				F43B74442A6AB60600E05184 /* AForgotPasswordView.swift in Sources */,
				F43B747B2A6AD47500E05184 /* AStartingTutorialViewModel.swift in Sources */,
				F40AB6FA2A65407B00730883 /* AMainButton.swift in Sources */,
				F40AB76C2A668B4100730883 /* AttributedUITextView.swift in Sources */,
				F40AB7022A65407B00730883 /* PhoneNumberValidator.swift in Sources */,
				F40AB6FC2A65407B00730883 /* ASUTextField.swift in Sources */,
				F43B74412A6AB0F400E05184 /* ARegisterationViewModel.swift in Sources */,
				F4F14CC82A61C1F4005FCEE3 /* ALoginViewModel.swift in Sources */,
				F40AB7132A65414C00730883 /* ABaseTapableView.swift in Sources */,
				F40AB7122A65414C00730883 /* ABaseSelectableView.swift in Sources */,
				F4094F042A6964940022EDAE /* UseAgreementsView.swift in Sources */,
				F40AB7112A65414C00730883 /* ABaseCustomView.swift in Sources */,
			);
			runOnlyForDeploymentPostprocessing = 0;
		};
		9166B8ED25FB7B3200A87FA5 /* Sources */ = {
			isa = PBXSourcesBuildPhase;
			buildActionMask = 2147483647;
			files = (
				9166B8F725FB7B3200A87FA5 /* RetouchAuthTests.swift in Sources */,
			);
			runOnlyForDeploymentPostprocessing = 0;
		};
/* End PBXSourcesBuildPhase section */

/* Begin PBXTargetDependency section */
		9166B8F425FB7B3200A87FA5 /* PBXTargetDependency */ = {
			isa = PBXTargetDependency;
			target = 9166B8E725FB7B3100A87FA5 /* RetouchAuth */;
			targetProxy = 9166B8F325FB7B3200A87FA5 /* PBXContainerItemProxy */;
		};
/* End PBXTargetDependency section */

/* Begin XCBuildConfiguration section */
		9166B8FA25FB7B3200A87FA5 /* Debug */ = {
			isa = XCBuildConfiguration;
			buildSettings = {
				ALWAYS_SEARCH_USER_PATHS = NO;
				CLANG_ANALYZER_NONNULL = YES;
				CLANG_ANALYZER_NUMBER_OBJECT_CONVERSION = YES_AGGRESSIVE;
				CLANG_CXX_LANGUAGE_STANDARD = "gnu++14";
				CLANG_CXX_LIBRARY = "libc++";
				CLANG_ENABLE_MODULES = YES;
				CLANG_ENABLE_OBJC_ARC = YES;
				CLANG_ENABLE_OBJC_WEAK = YES;
				CLANG_WARN_BLOCK_CAPTURE_AUTORELEASING = YES;
				CLANG_WARN_BOOL_CONVERSION = YES;
				CLANG_WARN_COMMA = YES;
				CLANG_WARN_CONSTANT_CONVERSION = YES;
				CLANG_WARN_DEPRECATED_OBJC_IMPLEMENTATIONS = YES;
				CLANG_WARN_DIRECT_OBJC_ISA_USAGE = YES_ERROR;
				CLANG_WARN_DOCUMENTATION_COMMENTS = YES;
				CLANG_WARN_EMPTY_BODY = YES;
				CLANG_WARN_ENUM_CONVERSION = YES;
				CLANG_WARN_INFINITE_RECURSION = YES;
				CLANG_WARN_INT_CONVERSION = YES;
				CLANG_WARN_NON_LITERAL_NULL_CONVERSION = YES;
				CLANG_WARN_OBJC_IMPLICIT_RETAIN_SELF = YES;
				CLANG_WARN_OBJC_LITERAL_CONVERSION = YES;
				CLANG_WARN_OBJC_ROOT_CLASS = YES_ERROR;
				CLANG_WARN_QUOTED_INCLUDE_IN_FRAMEWORK_HEADER = YES;
				CLANG_WARN_RANGE_LOOP_ANALYSIS = YES;
				CLANG_WARN_STRICT_PROTOTYPES = YES;
				CLANG_WARN_SUSPICIOUS_MOVE = YES;
				CLANG_WARN_UNGUARDED_AVAILABILITY = YES_AGGRESSIVE;
				CLANG_WARN_UNREACHABLE_CODE = YES;
				CLANG_WARN__DUPLICATE_METHOD_MATCH = YES;
				COPY_PHASE_STRIP = NO;
				CURRENT_PROJECT_VERSION = 1;
				DEBUG_INFORMATION_FORMAT = dwarf;
				ENABLE_STRICT_OBJC_MSGSEND = YES;
				ENABLE_TESTABILITY = YES;
				GCC_C_LANGUAGE_STANDARD = gnu11;
				GCC_DYNAMIC_NO_PIC = NO;
				GCC_NO_COMMON_BLOCKS = YES;
				GCC_OPTIMIZATION_LEVEL = 0;
				GCC_PREPROCESSOR_DEFINITIONS = (
					"DEBUG=1",
					"$(inherited)",
				);
				GCC_WARN_64_TO_32_BIT_CONVERSION = YES;
				GCC_WARN_ABOUT_RETURN_TYPE = YES_ERROR;
				GCC_WARN_UNDECLARED_SELECTOR = YES;
				GCC_WARN_UNINITIALIZED_AUTOS = YES_AGGRESSIVE;
				GCC_WARN_UNUSED_FUNCTION = YES;
				GCC_WARN_UNUSED_VARIABLE = YES;
				IPHONEOS_DEPLOYMENT_TARGET = 14;
				MTL_ENABLE_DEBUG_INFO = INCLUDE_SOURCE;
				MTL_FAST_MATH = YES;
				ONLY_ACTIVE_ARCH = YES;
				SDKROOT = iphoneos;
				SWIFT_ACTIVE_COMPILATION_CONDITIONS = DEBUG;
				SWIFT_OPTIMIZATION_LEVEL = "-Onone";
				VERSIONING_SYSTEM = "apple-generic";
				VERSION_INFO_PREFIX = "";
			};
			name = Debug;
		};
		9166B8FB25FB7B3200A87FA5 /* Release */ = {
			isa = XCBuildConfiguration;
			buildSettings = {
				ALWAYS_SEARCH_USER_PATHS = NO;
				CLANG_ANALYZER_NONNULL = YES;
				CLANG_ANALYZER_NUMBER_OBJECT_CONVERSION = YES_AGGRESSIVE;
				CLANG_CXX_LANGUAGE_STANDARD = "gnu++14";
				CLANG_CXX_LIBRARY = "libc++";
				CLANG_ENABLE_MODULES = YES;
				CLANG_ENABLE_OBJC_ARC = YES;
				CLANG_ENABLE_OBJC_WEAK = YES;
				CLANG_WARN_BLOCK_CAPTURE_AUTORELEASING = YES;
				CLANG_WARN_BOOL_CONVERSION = YES;
				CLANG_WARN_COMMA = YES;
				CLANG_WARN_CONSTANT_CONVERSION = YES;
				CLANG_WARN_DEPRECATED_OBJC_IMPLEMENTATIONS = YES;
				CLANG_WARN_DIRECT_OBJC_ISA_USAGE = YES_ERROR;
				CLANG_WARN_DOCUMENTATION_COMMENTS = YES;
				CLANG_WARN_EMPTY_BODY = YES;
				CLANG_WARN_ENUM_CONVERSION = YES;
				CLANG_WARN_INFINITE_RECURSION = YES;
				CLANG_WARN_INT_CONVERSION = YES;
				CLANG_WARN_NON_LITERAL_NULL_CONVERSION = YES;
				CLANG_WARN_OBJC_IMPLICIT_RETAIN_SELF = YES;
				CLANG_WARN_OBJC_LITERAL_CONVERSION = YES;
				CLANG_WARN_OBJC_ROOT_CLASS = YES_ERROR;
				CLANG_WARN_QUOTED_INCLUDE_IN_FRAMEWORK_HEADER = YES;
				CLANG_WARN_RANGE_LOOP_ANALYSIS = YES;
				CLANG_WARN_STRICT_PROTOTYPES = YES;
				CLANG_WARN_SUSPICIOUS_MOVE = YES;
				CLANG_WARN_UNGUARDED_AVAILABILITY = YES_AGGRESSIVE;
				CLANG_WARN_UNREACHABLE_CODE = YES;
				CLANG_WARN__DUPLICATE_METHOD_MATCH = YES;
				COPY_PHASE_STRIP = NO;
				CURRENT_PROJECT_VERSION = 1;
				DEBUG_INFORMATION_FORMAT = "dwarf-with-dsym";
				ENABLE_NS_ASSERTIONS = NO;
				ENABLE_STRICT_OBJC_MSGSEND = YES;
				GCC_C_LANGUAGE_STANDARD = gnu11;
				GCC_NO_COMMON_BLOCKS = YES;
				GCC_WARN_64_TO_32_BIT_CONVERSION = YES;
				GCC_WARN_ABOUT_RETURN_TYPE = YES_ERROR;
				GCC_WARN_UNDECLARED_SELECTOR = YES;
				GCC_WARN_UNINITIALIZED_AUTOS = YES_AGGRESSIVE;
				GCC_WARN_UNUSED_FUNCTION = YES;
				GCC_WARN_UNUSED_VARIABLE = YES;
				IPHONEOS_DEPLOYMENT_TARGET = 14;
				MTL_ENABLE_DEBUG_INFO = NO;
				MTL_FAST_MATH = YES;
				SDKROOT = iphoneos;
				SWIFT_COMPILATION_MODE = wholemodule;
				SWIFT_OPTIMIZATION_LEVEL = "-O";
				VALIDATE_PRODUCT = YES;
				VERSIONING_SYSTEM = "apple-generic";
				VERSION_INFO_PREFIX = "";
			};
			name = Release;
		};
		9166B8FD25FB7B3200A87FA5 /* Debug */ = {
			isa = XCBuildConfiguration;
			baseConfigurationReference = 94D41BB1DD86703A4FCE81B2 /* Pods-RetouchMain-RetouchAuth.debug.xcconfig */;
			buildSettings = {
				CLANG_ENABLE_MODULES = YES;
				CODE_SIGN_STYLE = Automatic;
				DEFINES_MODULE = YES;
				DYLIB_COMPATIBILITY_VERSION = 1;
				DYLIB_CURRENT_VERSION = 1;
				DYLIB_INSTALL_NAME_BASE = "@rpath";
				INFOPLIST_FILE = RetouchAuth/Info.plist;
				INSTALL_PATH = "$(LOCAL_LIBRARY_DIR)/Frameworks";
				IPHONEOS_DEPLOYMENT_TARGET = 15.0;
				LD_RUNPATH_SEARCH_PATHS = (
					"$(inherited)",
					"@executable_path/Frameworks",
					"@loader_path/Frameworks",
				);
				PRODUCT_BUNDLE_IDENTIFIER = vp.RetouchAuth;
				PRODUCT_NAME = "$(TARGET_NAME:c99extidentifier)";
				SKIP_INSTALL = YES;
				SWIFT_OPTIMIZATION_LEVEL = "-Onone";
				SWIFT_VERSION = 5.0;
				TARGETED_DEVICE_FAMILY = "1,2";
			};
			name = Debug;
		};
		9166B8FE25FB7B3200A87FA5 /* Release */ = {
			isa = XCBuildConfiguration;
			baseConfigurationReference = A07368C27EC2BF31E30C0A84 /* Pods-RetouchMain-RetouchAuth.release.xcconfig */;
			buildSettings = {
				CLANG_ENABLE_MODULES = YES;
				CODE_SIGN_STYLE = Automatic;
				DEFINES_MODULE = YES;
				DYLIB_COMPATIBILITY_VERSION = 1;
				DYLIB_CURRENT_VERSION = 1;
				DYLIB_INSTALL_NAME_BASE = "@rpath";
				INFOPLIST_FILE = RetouchAuth/Info.plist;
				INSTALL_PATH = "$(LOCAL_LIBRARY_DIR)/Frameworks";
				IPHONEOS_DEPLOYMENT_TARGET = 15.0;
				LD_RUNPATH_SEARCH_PATHS = (
					"$(inherited)",
					"@executable_path/Frameworks",
					"@loader_path/Frameworks",
				);
				PRODUCT_BUNDLE_IDENTIFIER = vp.RetouchAuth;
				PRODUCT_NAME = "$(TARGET_NAME:c99extidentifier)";
				SKIP_INSTALL = YES;
				SWIFT_VERSION = 5.0;
				TARGETED_DEVICE_FAMILY = "1,2";
			};
			name = Release;
		};
		9166B90025FB7B3200A87FA5 /* Debug */ = {
			isa = XCBuildConfiguration;
			buildSettings = {
				ALWAYS_EMBED_SWIFT_STANDARD_LIBRARIES = YES;
				CODE_SIGN_STYLE = Automatic;
				INFOPLIST_FILE = RetouchAuthTests/Info.plist;
				LD_RUNPATH_SEARCH_PATHS = (
					"$(inherited)",
					"@executable_path/Frameworks",
					"@loader_path/Frameworks",
				);
				PRODUCT_BUNDLE_IDENTIFIER = vp.RetouchAuthTests;
				PRODUCT_NAME = "$(TARGET_NAME)";
				SWIFT_VERSION = 5.0;
				TARGETED_DEVICE_FAMILY = "1,2";
			};
			name = Debug;
		};
		9166B90125FB7B3200A87FA5 /* Release */ = {
			isa = XCBuildConfiguration;
			buildSettings = {
				ALWAYS_EMBED_SWIFT_STANDARD_LIBRARIES = YES;
				CODE_SIGN_STYLE = Automatic;
				INFOPLIST_FILE = RetouchAuthTests/Info.plist;
				LD_RUNPATH_SEARCH_PATHS = (
					"$(inherited)",
					"@executable_path/Frameworks",
					"@loader_path/Frameworks",
				);
				PRODUCT_BUNDLE_IDENTIFIER = vp.RetouchAuthTests;
				PRODUCT_NAME = "$(TARGET_NAME)";
				SWIFT_VERSION = 5.0;
				TARGETED_DEVICE_FAMILY = "1,2";
			};
			name = Release;
		};
/* End XCBuildConfiguration section */

/* Begin XCConfigurationList section */
		9166B8E225FB7B3100A87FA5 /* Build configuration list for PBXProject "RetouchAuth" */ = {
			isa = XCConfigurationList;
			buildConfigurations = (
				9166B8FA25FB7B3200A87FA5 /* Debug */,
				9166B8FB25FB7B3200A87FA5 /* Release */,
			);
			defaultConfigurationIsVisible = 0;
			defaultConfigurationName = Release;
		};
		9166B8FC25FB7B3200A87FA5 /* Build configuration list for PBXNativeTarget "RetouchAuth" */ = {
			isa = XCConfigurationList;
			buildConfigurations = (
				9166B8FD25FB7B3200A87FA5 /* Debug */,
				9166B8FE25FB7B3200A87FA5 /* Release */,
			);
			defaultConfigurationIsVisible = 0;
			defaultConfigurationName = Release;
		};
		9166B8FF25FB7B3200A87FA5 /* Build configuration list for PBXNativeTarget "RetouchAuthTests" */ = {
			isa = XCConfigurationList;
			buildConfigurations = (
				9166B90025FB7B3200A87FA5 /* Debug */,
				9166B90125FB7B3200A87FA5 /* Release */,
			);
			defaultConfigurationIsVisible = 0;
			defaultConfigurationName = Release;
		};
/* End XCConfigurationList section */
	};
	rootObject = 9166B8DF25FB7B3100A87FA5 /* Project object */;
}
