// !$*UTF8*$!
{
	archiveVersion = 1;
	classes = {
	};
	objectVersion = 50;
	objects = {

/* Begin PBXBuildFile section */
		83EC671A790070B9020FCDBF /* Pods_RetouchMain_RetouchMore.framework in Frameworks */ = {isa = PBXBuildFile; fileRef = 4188A30681D5144F6044F33C /* Pods_RetouchMain_RetouchMore.framework */; };
		914A361225F665DA00A2D506 /* MoreActionButton.swift in Sources */ = {isa = PBXBuildFile; fileRef = 914A361125F665DA00A2D506 /* MoreActionButton.swift */; };
		914A361625F665EA00A2D506 /* MoreActionButton.xib in Resources */ = {isa = PBXBuildFile; fileRef = 914A361525F665EA00A2D506 /* MoreActionButton.xib */; };
		915115DE26012ECF006FCD60 /* PrivacyPolicyViewModel.swift in Sources */ = {isa = PBXBuildFile; fileRef = 915115DD26012ECF006FCD60 /* PrivacyPolicyViewModel.swift */; };
		915115E126012F2B006FCD60 /* TermsAndConditionsViewModel.swift in Sources */ = {isa = PBXBuildFile; fileRef = 915115E026012F2B006FCD60 /* TermsAndConditionsViewModel.swift */; };
		9154034925F644DE00CFC620 /* RetouchMore.framework in Frameworks */ = {isa = PBXBuildFile; fileRef = 9154033F25F644DD00CFC620 /* RetouchMore.framework */; };
		9154034E25F644DE00CFC620 /* RetouchMoreTests.swift in Sources */ = {isa = PBXBuildFile; fileRef = 9154034D25F644DE00CFC620 /* RetouchMoreTests.swift */; };
		9154035025F644DE00CFC620 /* RetouchMore.h in Headers */ = {isa = PBXBuildFile; fileRef = 9154034225F644DD00CFC620 /* RetouchMore.h */; settings = {ATTRIBUTES = (Public, ); }; };
		9154037625F6459900CFC620 /* More.storyboard in Resources */ = {isa = PBXBuildFile; fileRef = 9154037525F6459900CFC620 /* More.storyboard */; };
		9154037C25F645E600CFC620 /* MoreViewController.swift in Sources */ = {isa = PBXBuildFile; fileRef = 9154037B25F645E600CFC620 /* MoreViewController.swift */; };
		9154038025F6460000CFC620 /* MoreViewModel.swift in Sources */ = {isa = PBXBuildFile; fileRef = 9154037F25F6460000CFC620 /* MoreViewModel.swift */; };
		915403BB25F64B7900CFC620 /* RetouchCommon.framework in Frameworks */ = {isa = PBXBuildFile; fileRef = 915403BA25F64B7900CFC620 /* RetouchCommon.framework */; };
		91C8DD1725F8F420006BB46C /* InfoViewController.swift in Sources */ = {isa = PBXBuildFile; fileRef = 91C8DD1625F8F420006BB46C /* InfoViewController.swift */; };
		91C8DD1B25F8F53C006BB46C /* InfoViewModel.swift in Sources */ = {isa = PBXBuildFile; fileRef = 91C8DD1A25F8F53C006BB46C /* InfoViewModel.swift */; };
/* End PBXBuildFile section */

/* Begin PBXContainerItemProxy section */
		9154034A25F644DE00CFC620 /* PBXContainerItemProxy */ = {
			isa = PBXContainerItemProxy;
			containerPortal = 9154033625F644DD00CFC620 /* Project object */;
			proxyType = 1;
			remoteGlobalIDString = 9154033E25F644DD00CFC620;
			remoteInfo = RetouchMore;
		};
/* End PBXContainerItemProxy section */

/* Begin PBXFileReference section */
		4188A30681D5144F6044F33C /* Pods_RetouchMain_RetouchMore.framework */ = {isa = PBXFileReference; explicitFileType = wrapper.framework; includeInIndex = 0; path = Pods_RetouchMain_RetouchMore.framework; sourceTree = BUILT_PRODUCTS_DIR; };
		4B8E2A9DE3FB8F36B0D4DB50 /* Pods-RetouchMain-RetouchMore.release.xcconfig */ = {isa = PBXFileReference; includeInIndex = 1; lastKnownFileType = text.xcconfig; name = "Pods-RetouchMain-RetouchMore.release.xcconfig"; path = "Target Support Files/Pods-RetouchMain-RetouchMore/Pods-RetouchMain-RetouchMore.release.xcconfig"; sourceTree = "<group>"; };
		914A361125F665DA00A2D506 /* MoreActionButton.swift */ = {isa = PBXFileReference; lastKnownFileType = sourcecode.swift; path = MoreActionButton.swift; sourceTree = "<group>"; };
		914A361525F665EA00A2D506 /* MoreActionButton.xib */ = {isa = PBXFileReference; lastKnownFileType = file.xib; path = MoreActionButton.xib; sourceTree = "<group>"; };
		915115DD26012ECF006FCD60 /* PrivacyPolicyViewModel.swift */ = {isa = PBXFileReference; lastKnownFileType = sourcecode.swift; path = PrivacyPolicyViewModel.swift; sourceTree = "<group>"; };
		915115E026012F2B006FCD60 /* TermsAndConditionsViewModel.swift */ = {isa = PBXFileReference; lastKnownFileType = sourcecode.swift; path = TermsAndConditionsViewModel.swift; sourceTree = "<group>"; };
		9154033F25F644DD00CFC620 /* RetouchMore.framework */ = {isa = PBXFileReference; explicitFileType = wrapper.framework; includeInIndex = 0; path = RetouchMore.framework; sourceTree = BUILT_PRODUCTS_DIR; };
		9154034225F644DD00CFC620 /* RetouchMore.h */ = {isa = PBXFileReference; lastKnownFileType = sourcecode.c.h; path = RetouchMore.h; sourceTree = "<group>"; };
		9154034325F644DD00CFC620 /* Info.plist */ = {isa = PBXFileReference; lastKnownFileType = text.plist.xml; path = Info.plist; sourceTree = "<group>"; };
		9154034825F644DE00CFC620 /* RetouchMoreTests.xctest */ = {isa = PBXFileReference; explicitFileType = wrapper.cfbundle; includeInIndex = 0; path = RetouchMoreTests.xctest; sourceTree = BUILT_PRODUCTS_DIR; };
		9154034D25F644DE00CFC620 /* RetouchMoreTests.swift */ = {isa = PBXFileReference; lastKnownFileType = sourcecode.swift; path = RetouchMoreTests.swift; sourceTree = "<group>"; };
		9154034F25F644DE00CFC620 /* Info.plist */ = {isa = PBXFileReference; lastKnownFileType = text.plist.xml; path = Info.plist; sourceTree = "<group>"; };
		9154037525F6459900CFC620 /* More.storyboard */ = {isa = PBXFileReference; lastKnownFileType = file.storyboard; path = More.storyboard; sourceTree = "<group>"; };
		9154037B25F645E600CFC620 /* MoreViewController.swift */ = {isa = PBXFileReference; lastKnownFileType = sourcecode.swift; path = MoreViewController.swift; sourceTree = "<group>"; };
		9154037F25F6460000CFC620 /* MoreViewModel.swift */ = {isa = PBXFileReference; lastKnownFileType = sourcecode.swift; path = MoreViewModel.swift; sourceTree = "<group>"; };
		915403BA25F64B7900CFC620 /* RetouchCommon.framework */ = {isa = PBXFileReference; explicitFileType = wrapper.framework; path = RetouchCommon.framework; sourceTree = BUILT_PRODUCTS_DIR; };
		91C8DD1625F8F420006BB46C /* InfoViewController.swift */ = {isa = PBXFileReference; lastKnownFileType = sourcecode.swift; path = InfoViewController.swift; sourceTree = "<group>"; };
		91C8DD1A25F8F53C006BB46C /* InfoViewModel.swift */ = {isa = PBXFileReference; lastKnownFileType = sourcecode.swift; path = InfoViewModel.swift; sourceTree = "<group>"; };
		D163FC08944A73B9AA7C0F13 /* Pods-RetouchMain-RetouchMore.debug.xcconfig */ = {isa = PBXFileReference; includeInIndex = 1; lastKnownFileType = text.xcconfig; name = "Pods-RetouchMain-RetouchMore.debug.xcconfig"; path = "Target Support Files/Pods-RetouchMain-RetouchMore/Pods-RetouchMain-RetouchMore.debug.xcconfig"; sourceTree = "<group>"; };
/* End PBXFileReference section */

/* Begin PBXFrameworksBuildPhase section */
		9154033C25F644DD00CFC620 /* Frameworks */ = {
			isa = PBXFrameworksBuildPhase;
			buildActionMask = 2147483647;
			files = (
				915403BB25F64B7900CFC620 /* RetouchCommon.framework in Frameworks */,
				83EC671A790070B9020FCDBF /* Pods_RetouchMain_RetouchMore.framework in Frameworks */,
			);
			runOnlyForDeploymentPostprocessing = 0;
		};
		9154034525F644DE00CFC620 /* Frameworks */ = {
			isa = PBXFrameworksBuildPhase;
			buildActionMask = 2147483647;
			files = (
				9154034925F644DE00CFC620 /* RetouchMore.framework in Frameworks */,
			);
			runOnlyForDeploymentPostprocessing = 0;
		};
/* End PBXFrameworksBuildPhase section */

/* Begin PBXGroup section */
		2733B9705DDD44852D073F86 /* Frameworks */ = {
			isa = PBXGroup;
			children = (
				915403BA25F64B7900CFC620 /* RetouchCommon.framework */,
				4188A30681D5144F6044F33C /* Pods_RetouchMain_RetouchMore.framework */,
			);
			name = Frameworks;
			sourceTree = "<group>";
		};
		914A360E25F6658A00A2D506 /* UI */ = {
			isa = PBXGroup;
			children = (
				914A361025F665C700A2D506 /* MoreActionButton */,
			);
			path = UI;
			sourceTree = "<group>";
		};
		914A361025F665C700A2D506 /* MoreActionButton */ = {
			isa = PBXGroup;
			children = (
				914A361125F665DA00A2D506 /* MoreActionButton.swift */,
				914A361525F665EA00A2D506 /* MoreActionButton.xib */,
			);
			path = MoreActionButton;
			sourceTree = "<group>";
		};
		9154033525F644DD00CFC620 = {
			isa = PBXGroup;
			children = (
				9154034125F644DD00CFC620 /* RetouchMore */,
				9154034C25F644DE00CFC620 /* RetouchMoreTests */,
				9154034025F644DD00CFC620 /* Products */,
				9BE79D1E50838CCD9E39798C /* Pods */,
				2733B9705DDD44852D073F86 /* Frameworks */,
			);
			sourceTree = "<group>";
		};
		9154034025F644DD00CFC620 /* Products */ = {
			isa = PBXGroup;
			children = (
				9154033F25F644DD00CFC620 /* RetouchMore.framework */,
				9154034825F644DE00CFC620 /* RetouchMoreTests.xctest */,
			);
			name = Products;
			sourceTree = "<group>";
		};
		9154034125F644DD00CFC620 /* RetouchMore */ = {
			isa = PBXGroup;
			children = (
				914A360E25F6658A00A2D506 /* UI */,
				9154037425F6458100CFC620 /* Storyboard */,
				9154037925F645B900CFC620 /* Features */,
				9154034225F644DD00CFC620 /* RetouchMore.h */,
				9154034325F644DD00CFC620 /* Info.plist */,
			);
			path = RetouchMore;
			sourceTree = "<group>";
		};
		9154034C25F644DE00CFC620 /* RetouchMoreTests */ = {
			isa = PBXGroup;
			children = (
				9154034D25F644DE00CFC620 /* RetouchMoreTests.swift */,
				9154034F25F644DE00CFC620 /* Info.plist */,
			);
			path = RetouchMoreTests;
			sourceTree = "<group>";
		};
		9154037425F6458100CFC620 /* Storyboard */ = {
			isa = PBXGroup;
			children = (
				9154037525F6459900CFC620 /* More.storyboard */,
			);
			path = Storyboard;
			sourceTree = "<group>";
		};
		9154037925F645B900CFC620 /* Features */ = {
			isa = PBXGroup;
			children = (
				9154037A25F645C400CFC620 /* MoreViewController */,
				91C8DD1525F8F40D006BB46C /* InfoViewController */,
			);
			path = Features;
			sourceTree = "<group>";
		};
		9154037A25F645C400CFC620 /* MoreViewController */ = {
			isa = PBXGroup;
			children = (
				9154037B25F645E600CFC620 /* MoreViewController.swift */,
				9154037F25F6460000CFC620 /* MoreViewModel.swift */,
			);
			path = MoreViewController;
			sourceTree = "<group>";
		};
		91C8DD1525F8F40D006BB46C /* InfoViewController */ = {
			isa = PBXGroup;
			children = (
				91C8DD1625F8F420006BB46C /* InfoViewController.swift */,
				91C8DD1A25F8F53C006BB46C /* InfoViewModel.swift */,
				915115DD26012ECF006FCD60 /* PrivacyPolicyViewModel.swift */,
				915115E026012F2B006FCD60 /* TermsAndConditionsViewModel.swift */,
			);
			path = InfoViewController;
			sourceTree = "<group>";
		};
		9BE79D1E50838CCD9E39798C /* Pods */ = {
			isa = PBXGroup;
			children = (
				D163FC08944A73B9AA7C0F13 /* Pods-RetouchMain-RetouchMore.debug.xcconfig */,
				4B8E2A9DE3FB8F36B0D4DB50 /* Pods-RetouchMain-RetouchMore.release.xcconfig */,
			);
			name = Pods;
			path = ../RetouchMain/Pods;
			sourceTree = "<group>";
		};
/* End PBXGroup section */

/* Begin PBXHeadersBuildPhase section */
		9154033A25F644DD00CFC620 /* Headers */ = {
			isa = PBXHeadersBuildPhase;
			buildActionMask = 2147483647;
			files = (
				9154035025F644DE00CFC620 /* RetouchMore.h in Headers */,
			);
			runOnlyForDeploymentPostprocessing = 0;
		};
/* End PBXHeadersBuildPhase section */

/* Begin PBXNativeTarget section */
		9154033E25F644DD00CFC620 /* RetouchMore */ = {
			isa = PBXNativeTarget;
			buildConfigurationList = 9154035325F644DE00CFC620 /* Build configuration list for PBXNativeTarget "RetouchMore" */;
			buildPhases = (
				F7292B9AF3BFDB51003B10BB /* [CP] Check Pods Manifest.lock */,
				9154033A25F644DD00CFC620 /* Headers */,
				9154033B25F644DD00CFC620 /* Sources */,
				9154033C25F644DD00CFC620 /* Frameworks */,
				9154033D25F644DD00CFC620 /* Resources */,
			);
			buildRules = (
			);
			dependencies = (
			);
			name = RetouchMore;
			productName = RetouchMore;
			productReference = 9154033F25F644DD00CFC620 /* RetouchMore.framework */;
			productType = "com.apple.product-type.framework";
		};
		9154034725F644DE00CFC620 /* RetouchMoreTests */ = {
			isa = PBXNativeTarget;
			buildConfigurationList = 9154035625F644DE00CFC620 /* Build configuration list for PBXNativeTarget "RetouchMoreTests" */;
			buildPhases = (
				9154034425F644DE00CFC620 /* Sources */,
				9154034525F644DE00CFC620 /* Frameworks */,
				9154034625F644DE00CFC620 /* Resources */,
			);
			buildRules = (
			);
			dependencies = (
				9154034B25F644DE00CFC620 /* PBXTargetDependency */,
			);
			name = RetouchMoreTests;
			productName = RetouchMoreTests;
			productReference = 9154034825F644DE00CFC620 /* RetouchMoreTests.xctest */;
			productType = "com.apple.product-type.bundle.unit-test";
		};
/* End PBXNativeTarget section */

/* Begin PBXProject section */
		9154033625F644DD00CFC620 /* Project object */ = {
			isa = PBXProject;
			attributes = {
				LastSwiftUpdateCheck = 1240;
				LastUpgradeCheck = 1240;
				TargetAttributes = {
					9154033E25F644DD00CFC620 = {
						CreatedOnToolsVersion = 12.4;
						LastSwiftMigration = 1240;
					};
					9154034725F644DE00CFC620 = {
						CreatedOnToolsVersion = 12.4;
					};
				};
			};
			buildConfigurationList = 9154033925F644DD00CFC620 /* Build configuration list for PBXProject "RetouchMore" */;
			compatibilityVersion = "Xcode 9.3";
			developmentRegion = en;
			hasScannedForEncodings = 0;
			knownRegions = (
				en,
				Base,
			);
			mainGroup = 9154033525F644DD00CFC620;
			productRefGroup = 9154034025F644DD00CFC620 /* Products */;
			projectDirPath = "";
			projectRoot = "";
			targets = (
				9154033E25F644DD00CFC620 /* RetouchMore */,
				9154034725F644DE00CFC620 /* RetouchMoreTests */,
			);
		};
/* End PBXProject section */

/* Begin PBXResourcesBuildPhase section */
		9154033D25F644DD00CFC620 /* Resources */ = {
			isa = PBXResourcesBuildPhase;
			buildActionMask = 2147483647;
			files = (
				914A361625F665EA00A2D506 /* MoreActionButton.xib in Resources */,
				9154037625F6459900CFC620 /* More.storyboard in Resources */,
			);
			runOnlyForDeploymentPostprocessing = 0;
		};
		9154034625F644DE00CFC620 /* Resources */ = {
			isa = PBXResourcesBuildPhase;
			buildActionMask = 2147483647;
			files = (
			);
			runOnlyForDeploymentPostprocessing = 0;
		};
/* End PBXResourcesBuildPhase section */

/* Begin PBXShellScriptBuildPhase section */
		F7292B9AF3BFDB51003B10BB /* [CP] Check Pods Manifest.lock */ = {
			isa = PBXShellScriptBuildPhase;
			buildActionMask = 2147483647;
			files = (
			);
			inputFileListPaths = (
			);
			inputPaths = (
				"${PODS_PODFILE_DIR_PATH}/Podfile.lock",
				"${PODS_ROOT}/Manifest.lock",
			);
			name = "[CP] Check Pods Manifest.lock";
			outputFileListPaths = (
			);
			outputPaths = (
				"$(DERIVED_FILE_DIR)/Pods-RetouchMain-RetouchMore-checkManifestLockResult.txt",
			);
			runOnlyForDeploymentPostprocessing = 0;
			shellPath = /bin/sh;
			shellScript = "diff \"${PODS_PODFILE_DIR_PATH}/Podfile.lock\" \"${PODS_ROOT}/Manifest.lock\" > /dev/null\nif [ $? != 0 ] ; then\n    # print error to STDERR\n    echo \"error: The sandbox is not in sync with the Podfile.lock. Run 'pod install' or update your CocoaPods installation.\" >&2\n    exit 1\nfi\n# This output is used by Xcode 'outputs' to avoid re-running this script phase.\necho \"SUCCESS\" > \"${SCRIPT_OUTPUT_FILE_0}\"\n";
			showEnvVarsInLog = 0;
		};
/* End PBXShellScriptBuildPhase section */

/* Begin PBXSourcesBuildPhase section */
		9154033B25F644DD00CFC620 /* Sources */ = {
			isa = PBXSourcesBuildPhase;
			buildActionMask = 2147483647;
			files = (
				91C8DD1B25F8F53C006BB46C /* InfoViewModel.swift in Sources */,
				914A361225F665DA00A2D506 /* MoreActionButton.swift in Sources */,
				9154037C25F645E600CFC620 /* MoreViewController.swift in Sources */,
				91C8DD1725F8F420006BB46C /* InfoViewController.swift in Sources */,
				915115E126012F2B006FCD60 /* TermsAndConditionsViewModel.swift in Sources */,
				9154038025F6460000CFC620 /* MoreViewModel.swift in Sources */,
				915115DE26012ECF006FCD60 /* PrivacyPolicyViewModel.swift in Sources */,
			);
			runOnlyForDeploymentPostprocessing = 0;
		};
		9154034425F644DE00CFC620 /* Sources */ = {
			isa = PBXSourcesBuildPhase;
			buildActionMask = 2147483647;
			files = (
				9154034E25F644DE00CFC620 /* RetouchMoreTests.swift in Sources */,
			);
			runOnlyForDeploymentPostprocessing = 0;
		};
/* End PBXSourcesBuildPhase section */

/* Begin PBXTargetDependency section */
		9154034B25F644DE00CFC620 /* PBXTargetDependency */ = {
			isa = PBXTargetDependency;
			target = 9154033E25F644DD00CFC620 /* RetouchMore */;
			targetProxy = 9154034A25F644DE00CFC620 /* PBXContainerItemProxy */;
		};
/* End PBXTargetDependency section */

/* Begin XCBuildConfiguration section */
		9154035125F644DE00CFC620 /* Debug */ = {
			isa = XCBuildConfiguration;
			buildSettings = {
				ALWAYS_SEARCH_USER_PATHS = NO;
				CLANG_ANALYZER_NONNULL = YES;
				CLANG_ANALYZER_NUMBER_OBJECT_CONVERSION = YES_AGGRESSIVE;
				CLANG_CXX_LANGUAGE_STANDARD = "gnu++14";
				CLANG_CXX_LIBRARY = "libc++";
				CLANG_ENABLE_MODULES = YES;
				CLANG_ENABLE_OBJC_ARC = YES;
				CLANG_ENABLE_OBJC_WEAK = YES;
				CLANG_WARN_BLOCK_CAPTURE_AUTORELEASING = YES;
				CLANG_WARN_BOOL_CONVERSION = YES;
				CLANG_WARN_COMMA = YES;
				CLANG_WARN_CONSTANT_CONVERSION = YES;
				CLANG_WARN_DEPRECATED_OBJC_IMPLEMENTATIONS = YES;
				CLANG_WARN_DIRECT_OBJC_ISA_USAGE = YES_ERROR;
				CLANG_WARN_DOCUMENTATION_COMMENTS = YES;
				CLANG_WARN_EMPTY_BODY = YES;
				CLANG_WARN_ENUM_CONVERSION = YES;
				CLANG_WARN_INFINITE_RECURSION = YES;
				CLANG_WARN_INT_CONVERSION = YES;
				CLANG_WARN_NON_LITERAL_NULL_CONVERSION = YES;
				CLANG_WARN_OBJC_IMPLICIT_RETAIN_SELF = YES;
				CLANG_WARN_OBJC_LITERAL_CONVERSION = YES;
				CLANG_WARN_OBJC_ROOT_CLASS = YES_ERROR;
				CLANG_WARN_QUOTED_INCLUDE_IN_FRAMEWORK_HEADER = YES;
				CLANG_WARN_RANGE_LOOP_ANALYSIS = YES;
				CLANG_WARN_STRICT_PROTOTYPES = YES;
				CLANG_WARN_SUSPICIOUS_MOVE = YES;
				CLANG_WARN_UNGUARDED_AVAILABILITY = YES_AGGRESSIVE;
				CLANG_WARN_UNREACHABLE_CODE = YES;
				CLANG_WARN__DUPLICATE_METHOD_MATCH = YES;
				COPY_PHASE_STRIP = NO;
				CURRENT_PROJECT_VERSION = 1;
				DEBUG_INFORMATION_FORMAT = dwarf;
				ENABLE_STRICT_OBJC_MSGSEND = YES;
				ENABLE_TESTABILITY = YES;
				GCC_C_LANGUAGE_STANDARD = gnu11;
				GCC_DYNAMIC_NO_PIC = NO;
				GCC_NO_COMMON_BLOCKS = YES;
				GCC_OPTIMIZATION_LEVEL = 0;
				GCC_PREPROCESSOR_DEFINITIONS = (
					"DEBUG=1",
					"$(inherited)",
				);
				GCC_WARN_64_TO_32_BIT_CONVERSION = YES;
				GCC_WARN_ABOUT_RETURN_TYPE = YES_ERROR;
				GCC_WARN_UNDECLARED_SELECTOR = YES;
				GCC_WARN_UNINITIALIZED_AUTOS = YES_AGGRESSIVE;
				GCC_WARN_UNUSED_FUNCTION = YES;
				GCC_WARN_UNUSED_VARIABLE = YES;
				IPHONEOS_DEPLOYMENT_TARGET = 14;
				MTL_ENABLE_DEBUG_INFO = INCLUDE_SOURCE;
				MTL_FAST_MATH = YES;
				ONLY_ACTIVE_ARCH = YES;
				SDKROOT = iphoneos;
				SWIFT_ACTIVE_COMPILATION_CONDITIONS = DEBUG;
				SWIFT_OPTIMIZATION_LEVEL = "-Onone";
				VERSIONING_SYSTEM = "apple-generic";
				VERSION_INFO_PREFIX = "";
			};
			name = Debug;
		};
		9154035225F644DE00CFC620 /* Release */ = {
			isa = XCBuildConfiguration;
			buildSettings = {
				ALWAYS_SEARCH_USER_PATHS = NO;
				CLANG_ANALYZER_NONNULL = YES;
				CLANG_ANALYZER_NUMBER_OBJECT_CONVERSION = YES_AGGRESSIVE;
				CLANG_CXX_LANGUAGE_STANDARD = "gnu++14";
				CLANG_CXX_LIBRARY = "libc++";
				CLANG_ENABLE_MODULES = YES;
				CLANG_ENABLE_OBJC_ARC = YES;
				CLANG_ENABLE_OBJC_WEAK = YES;
				CLANG_WARN_BLOCK_CAPTURE_AUTORELEASING = YES;
				CLANG_WARN_BOOL_CONVERSION = YES;
				CLANG_WARN_COMMA = YES;
				CLANG_WARN_CONSTANT_CONVERSION = YES;
				CLANG_WARN_DEPRECATED_OBJC_IMPLEMENTATIONS = YES;
				CLANG_WARN_DIRECT_OBJC_ISA_USAGE = YES_ERROR;
				CLANG_WARN_DOCUMENTATION_COMMENTS = YES;
				CLANG_WARN_EMPTY_BODY = YES;
				CLANG_WARN_ENUM_CONVERSION = YES;
				CLANG_WARN_INFINITE_RECURSION = YES;
				CLANG_WARN_INT_CONVERSION = YES;
				CLANG_WARN_NON_LITERAL_NULL_CONVERSION = YES;
				CLANG_WARN_OBJC_IMPLICIT_RETAIN_SELF = YES;
				CLANG_WARN_OBJC_LITERAL_CONVERSION = YES;
				CLANG_WARN_OBJC_ROOT_CLASS = YES_ERROR;
				CLANG_WARN_QUOTED_INCLUDE_IN_FRAMEWORK_HEADER = YES;
				CLANG_WARN_RANGE_LOOP_ANALYSIS = YES;
				CLANG_WARN_STRICT_PROTOTYPES = YES;
				CLANG_WARN_SUSPICIOUS_MOVE = YES;
				CLANG_WARN_UNGUARDED_AVAILABILITY = YES_AGGRESSIVE;
				CLANG_WARN_UNREACHABLE_CODE = YES;
				CLANG_WARN__DUPLICATE_METHOD_MATCH = YES;
				COPY_PHASE_STRIP = NO;
				CURRENT_PROJECT_VERSION = 1;
				DEBUG_INFORMATION_FORMAT = "dwarf-with-dsym";
				ENABLE_NS_ASSERTIONS = NO;
				ENABLE_STRICT_OBJC_MSGSEND = YES;
				GCC_C_LANGUAGE_STANDARD = gnu11;
				GCC_NO_COMMON_BLOCKS = YES;
				GCC_WARN_64_TO_32_BIT_CONVERSION = YES;
				GCC_WARN_ABOUT_RETURN_TYPE = YES_ERROR;
				GCC_WARN_UNDECLARED_SELECTOR = YES;
				GCC_WARN_UNINITIALIZED_AUTOS = YES_AGGRESSIVE;
				GCC_WARN_UNUSED_FUNCTION = YES;
				GCC_WARN_UNUSED_VARIABLE = YES;
				IPHONEOS_DEPLOYMENT_TARGET = 14;
				MTL_ENABLE_DEBUG_INFO = NO;
				MTL_FAST_MATH = YES;
				SDKROOT = iphoneos;
				SWIFT_COMPILATION_MODE = wholemodule;
				SWIFT_OPTIMIZATION_LEVEL = "-O";
				VALIDATE_PRODUCT = YES;
				VERSIONING_SYSTEM = "apple-generic";
				VERSION_INFO_PREFIX = "";
			};
			name = Release;
		};
		9154035425F644DE00CFC620 /* Debug */ = {
			isa = XCBuildConfiguration;
			baseConfigurationReference = D163FC08944A73B9AA7C0F13 /* Pods-RetouchMain-RetouchMore.debug.xcconfig */;
			buildSettings = {
				CLANG_ENABLE_MODULES = YES;
				CODE_SIGN_STYLE = Automatic;
				DEFINES_MODULE = YES;
				DYLIB_COMPATIBILITY_VERSION = 1;
				DYLIB_CURRENT_VERSION = 1;
				DYLIB_INSTALL_NAME_BASE = "@rpath";
				INFOPLIST_FILE = RetouchMore/Info.plist;
				INSTALL_PATH = "$(LOCAL_LIBRARY_DIR)/Frameworks";
				LD_RUNPATH_SEARCH_PATHS = (
					"$(inherited)",
					"@executable_path/Frameworks",
					"@loader_path/Frameworks",
				);
				PRODUCT_BUNDLE_IDENTIFIER = vp.RetouchMore;
				PRODUCT_NAME = "$(TARGET_NAME:c99extidentifier)";
				SKIP_INSTALL = YES;
				SWIFT_OPTIMIZATION_LEVEL = "-Onone";
				SWIFT_VERSION = 5.0;
				TARGETED_DEVICE_FAMILY = "1,2";
			};
			name = Debug;
		};
		9154035525F644DE00CFC620 /* Release */ = {
			isa = XCBuildConfiguration;
			baseConfigurationReference = 4B8E2A9DE3FB8F36B0D4DB50 /* Pods-RetouchMain-RetouchMore.release.xcconfig */;
			buildSettings = {
				CLANG_ENABLE_MODULES = YES;
				CODE_SIGN_STYLE = Automatic;
				DEFINES_MODULE = YES;
				DYLIB_COMPATIBILITY_VERSION = 1;
				DYLIB_CURRENT_VERSION = 1;
				DYLIB_INSTALL_NAME_BASE = "@rpath";
				INFOPLIST_FILE = RetouchMore/Info.plist;
				INSTALL_PATH = "$(LOCAL_LIBRARY_DIR)/Frameworks";
				LD_RUNPATH_SEARCH_PATHS = (
					"$(inherited)",
					"@executable_path/Frameworks",
					"@loader_path/Frameworks",
				);
				PRODUCT_BUNDLE_IDENTIFIER = vp.RetouchMore;
				PRODUCT_NAME = "$(TARGET_NAME:c99extidentifier)";
				SKIP_INSTALL = YES;
				SWIFT_VERSION = 5.0;
				TARGETED_DEVICE_FAMILY = "1,2";
			};
			name = Release;
		};
		9154035725F644DE00CFC620 /* Debug */ = {
			isa = XCBuildConfiguration;
			buildSettings = {
				ALWAYS_EMBED_SWIFT_STANDARD_LIBRARIES = YES;
				CODE_SIGN_STYLE = Automatic;
				INFOPLIST_FILE = RetouchMoreTests/Info.plist;
				LD_RUNPATH_SEARCH_PATHS = (
					"$(inherited)",
					"@executable_path/Frameworks",
					"@loader_path/Frameworks",
				);
				PRODUCT_BUNDLE_IDENTIFIER = vp.RetouchMoreTests;
				PRODUCT_NAME = "$(TARGET_NAME)";
				SWIFT_VERSION = 5.0;
				TARGETED_DEVICE_FAMILY = "1,2";
			};
			name = Debug;
		};
		9154035825F644DE00CFC620 /* Release */ = {
			isa = XCBuildConfiguration;
			buildSettings = {
				ALWAYS_EMBED_SWIFT_STANDARD_LIBRARIES = YES;
				CODE_SIGN_STYLE = Automatic;
				INFOPLIST_FILE = RetouchMoreTests/Info.plist;
				LD_RUNPATH_SEARCH_PATHS = (
					"$(inherited)",
					"@executable_path/Frameworks",
					"@loader_path/Frameworks",
				);
				PRODUCT_BUNDLE_IDENTIFIER = vp.RetouchMoreTests;
				PRODUCT_NAME = "$(TARGET_NAME)";
				SWIFT_VERSION = 5.0;
				TARGETED_DEVICE_FAMILY = "1,2";
			};
			name = Release;
		};
/* End XCBuildConfiguration section */

/* Begin XCConfigurationList section */
		9154033925F644DD00CFC620 /* Build configuration list for PBXProject "RetouchMore" */ = {
			isa = XCConfigurationList;
			buildConfigurations = (
				9154035125F644DE00CFC620 /* Debug */,
				9154035225F644DE00CFC620 /* Release */,
			);
			defaultConfigurationIsVisible = 0;
			defaultConfigurationName = Release;
		};
		9154035325F644DE00CFC620 /* Build configuration list for PBXNativeTarget "RetouchMore" */ = {
			isa = XCConfigurationList;
			buildConfigurations = (
				9154035425F644DE00CFC620 /* Debug */,
				9154035525F644DE00CFC620 /* Release */,
			);
			defaultConfigurationIsVisible = 0;
			defaultConfigurationName = Release;
		};
		9154035625F644DE00CFC620 /* Build configuration list for PBXNativeTarget "RetouchMoreTests" */ = {
			isa = XCConfigurationList;
			buildConfigurations = (
				9154035725F644DE00CFC620 /* Debug */,
				9154035825F644DE00CFC620 /* Release */,
			);
			defaultConfigurationIsVisible = 0;
			defaultConfigurationName = Release;
		};
/* End XCConfigurationList section */
	};
	rootObject = 9154033625F644DD00CFC620 /* Project object */;
}
